
Microsoft Visual Studio Solution File, Format Version 12.00
# Visual Studio Version 17
VisualStudioVersion = 17.10.34916.146
MinimumVisualStudioVersion = 10.0.40219.1
Project("{FAE04EC0-301F-11D3-BF4B-00C04F79EFBC}") = "HelloWorldWinForms", "HelloWorldWinForms\HelloWorldWinForms.csproj", "{1847B042-163A-4D3D-A663-50B7C190B190}"
EndProject
Project("{FAE04EC0-301F-11D3-BF4B-00C04F79EFBC}") = "HelloWorldWeb", "HelloWorldWeb\HelloWorldWeb.csproj", "{9575C4CE-6213-43E0-A7B9-19B0957A69EF}"
EndProject
Project("{FAE04EC0-301F-11D3-BF4B-00C04F79EFBC}") = "HelloWorldMAUI", "HelloWorldMAUI\HelloWorldMAUI.csproj", "{313D643D-AFE5-4C37-A660-669054920ED5}"
EndProject
Global
	GlobalSection(SolutionConfigurationPlatforms) = preSolution
		Debug|Any CPU = Debug|Any CPU
		Release|Any CPU = Release|Any CPU
	EndGlobalSection
	GlobalSection(ProjectConfigurationPlatforms) = postSolution
		{1847B042-163A-4D3D-A663-50B7C190B190}.Debug|Any CPU.ActiveCfg = Debug|Any CPU
		{1847B042-163A-4D3D-A663-50B7C190B190}.Debug|Any CPU.Build.0 = Debug|Any CPU
		{1847B042-163A-4D3D-A663-50B7C190B190}.Release|Any CPU.ActiveCfg = Release|Any CPU
		{1847B042-163A-4D3D-A663-50B7C190B190}.Release|Any CPU.Build.0 = Release|Any CPU
		{9575C4CE-6213-43E0-A7B9-19B0957A69EF}.Debug|Any CPU.ActiveCfg = Debug|Any CPU
		{9575C4CE-6213-43E0-A7B9-19B0957A69EF}.Debug|Any CPU.Build.0 = Debug|Any CPU
		{9575C4CE-6213-43E0-A7B9-19B0957A69EF}.Release|Any CPU.ActiveCfg = Release|Any CPU
		{9575C4CE-6213-43E0-A7B9-19B0957A69EF}.Release|Any CPU.Build.0 = Release|Any CPU
		{313D643D-AFE5-4C37-A660-669054920ED5}.Debug|Any CPU.ActiveCfg = Debug|Any CPU
		{313D643D-AFE5-4C37-A660-669054920ED5}.Debug|Any CPU.Build.0 = Debug|Any CPU
		{313D643D-AFE5-4C37-A660-669054920ED5}.Debug|Any CPU.Deploy.0 = Debug|Any CPU
		{313D643D-AFE5-4C37-A660-669054920ED5}.Release|Any CPU.ActiveCfg = Release|Any CPU
		{313D643D-AFE5-4C37-A660-669054920ED5}.Release|Any CPU.Build.0 = Release|Any CPU
		{313D643D-AFE5-4C37-A660-669054920ED5}.Release|Any CPU.Deploy.0 = Release|Any CPU
	EndGlobalSection
	GlobalSection(SolutionProperties) = preSolution
		HideSolutionNode = FALSE
	EndGlobalSection
	GlobalSection(ExtensibilityGlobals) = postSolution
		SolutionGuid = {E2E2BAB5-2E79-46E5-B3E0-11C3B726E283}
	EndGlobalSection
EndGlobal
