
Microsoft Visual Studio Solution File, Format Version 12.00
# Visual Studio Version 17
VisualStudioVersion = 17.7.34024.191
MinimumVisualStudioVersion = 10.0.40219.1
Project("{FAE04EC0-301F-11D3-BF4B-00C04F79EFBC}") = "HelloWorldWinForms", "HelloWorldWinForms\HelloWorldWinForms.csproj", "{202459AA-E614-43ED-B8F0-953D945D87E2}"
EndProject
Global
	GlobalSection(SolutionConfigurationPlatforms) = preSolution
		Debug|Any CPU = Debug|Any CPU
		Release|Any CPU = Release|Any CPU
	EndGlobalSection
	GlobalSection(ProjectConfigurationPlatforms) = postSolution
		{202459AA-E614-43ED-B8F0-953D945D87E2}.Debug|Any CPU.ActiveCfg = Debug|Any CPU
		{202459AA-E614-43ED-B8F0-953D945D87E2}.Debug|Any CPU.Build.0 = Debug|Any CPU
		{202459AA-E614-43ED-B8F0-953D945D87E2}.Release|Any CPU.ActiveCfg = Release|Any CPU
		{202459AA-E614-43ED-B8F0-953D945D87E2}.Release|Any CPU.Build.0 = Release|Any CPU
	EndGlobalSection
	GlobalSection(SolutionProperties) = preSolution
		HideSolutionNode = FALSE
	EndGlobalSection
	GlobalSection(ExtensibilityGlobals) = postSolution
		SolutionGuid = {711CF253-AF20-4C29-A030-8C1E488FB220}
	EndGlobalSection
EndGlobal
